// !$*UTF8*$!
{
	archiveVersion = 1;
	classes = {
	};
	objectVersion = 46;
	objects = {

/* Begin PBXBuildFile section */
		C8BC64141F004FD2009E0110 /* AppDelegate.swift in Sources */ = {isa = PBXBuildFile; fileRef = C8BC64131F004FD2009E0110 /* AppDelegate.swift */; };
		C8BC64161F004FD2009E0110 /* ViewController.swift in Sources */ = {isa = PBXBuildFile; fileRef = C8BC64151F004FD2009E0110 /* ViewController.swift */; };
		C8BC64181F004FD2009E0110 /* Assets.xcassets in Resources */ = {isa = PBXBuildFile; fileRef = C8BC64171F004FD2009E0110 /* Assets.xcassets */; };
		C8BC641B1F004FD2009E0110 /* Main.storyboard in Resources */ = {isa = PBXBuildFile; fileRef = C8BC64191F004FD2009E0110 /* Main.storyboard */; };
		C8BC64231F0055B7009E0110 /* Book.swift in Sources */ = {isa = PBXBuildFile; fileRef = C8BC64221F0055B7009E0110 /* Book.swift */; };
		C8BC64251F0056EE009E0110 /* BookCellView.swift in Sources */ = {isa = PBXBuildFile; fileRef = C8BC64241F0056EE009E0110 /* BookCellView.swift */; };
		C8BC64271F005A08009E0110 /* Books.plist in Resources */ = {isa = PBXBuildFile; fileRef = C8BC64261F005A08009E0110 /* Books.plist */; };
/* End PBXBuildFile section */

/* Begin PBXFileReference section */
		C8BC64101F004FD2009E0110 /* ORLYStore.app */ = {isa = PBXFileReference; explicitFileType = wrapper.application; includeInIndex = 0; path = ORLYStore.app; sourceTree = BUILT_PRODUCTS_DIR; };
		C8BC64131F004FD2009E0110 /* AppDelegate.swift */ = {isa = PBXFileReference; lastKnownFileType = sourcecode.swift; path = AppDelegate.swift; sourceTree = "<group>"; };
		C8BC64151F004FD2009E0110 /* ViewController.swift */ = {isa = PBXFileReference; lastKnownFileType = sourcecode.swift; path = ViewController.swift; sourceTree = "<group>"; };
		C8BC64171F004FD2009E0110 /* Assets.xcassets */ = {isa = PBXFileReference; lastKnownFileType = folder.assetcatalog; path = Assets.xcassets; sourceTree = "<group>"; };
		C8BC641A1F004FD2009E0110 /* Base */ = {isa = PBXFileReference; lastKnownFileType = file.storyboard; name = Base; path = Base.lproj/Main.storyboard; sourceTree = "<group>"; };
		C8BC641C1F004FD2009E0110 /* Info.plist */ = {isa = PBXFileReference; lastKnownFileType = text.plist.xml; path = Info.plist; sourceTree = "<group>"; };
		C8BC64221F0055B7009E0110 /* Book.swift */ = {isa = PBXFileReference; fileEncoding = 4; lastKnownFileType = sourcecode.swift; path = Book.swift; sourceTree = "<group>"; };
		C8BC64241F0056EE009E0110 /* BookCellView.swift */ = {isa = PBXFileReference; fileEncoding = 4; lastKnownFileType = sourcecode.swift; path = BookCellView.swift; sourceTree = "<group>"; };
		C8BC64261F005A08009E0110 /* Books.plist */ = {isa = PBXFileReference; fileEncoding = 4; lastKnownFileType = text.plist.xml; path = Books.plist; sourceTree = "<group>"; };
/* End PBXFileReference section */

/* Begin PBXFrameworksBuildPhase section */
		C8BC640D1F004FD2009E0110 /* Frameworks */ = {
			isa = PBXFrameworksBuildPhase;
			buildActionMask = 2147483647;
			files = (
			);
			runOnlyForDeploymentPostprocessing = 0;
		};
/* End PBXFrameworksBuildPhase section */

/* Begin PBXGroup section */
		C8BC64071F004FD2009E0110 = {
			isa = PBXGroup;
			children = (
				C8BC64121F004FD2009E0110 /* ORLYStore */,
				C8BC64111F004FD2009E0110 /* Products */,
			);
			sourceTree = "<group>";
		};
		C8BC64111F004FD2009E0110 /* Products */ = {
			isa = PBXGroup;
			children = (
				C8BC64101F004FD2009E0110 /* ORLYStore.app */,
			);
			name = Products;
			sourceTree = "<group>";
		};
		C8BC64121F004FD2009E0110 /* ORLYStore */ = {
			isa = PBXGroup;
			children = (
				C8BC64131F004FD2009E0110 /* AppDelegate.swift */,
				C8BC64151F004FD2009E0110 /* ViewController.swift */,
				C8BC64261F005A08009E0110 /* Books.plist */,
				C8BC64171F004FD2009E0110 /* Assets.xcassets */,
				C8BC64191F004FD2009E0110 /* Main.storyboard */,
				C8BC64241F0056EE009E0110 /* BookCellView.swift */,
				C8BC64221F0055B7009E0110 /* Book.swift */,
				C8BC641C1F004FD2009E0110 /* Info.plist */,
			);
			path = ORLYStore;
			sourceTree = "<group>";
		};
/* End PBXGroup section */

/* Begin PBXNativeTarget section */
		C8BC640F1F004FD2009E0110 /* ORLYStore */ = {
			isa = PBXNativeTarget;
			buildConfigurationList = C8BC641F1F004FD2009E0110 /* Build configuration list for PBXNativeTarget "ORLYStore" */;
			buildPhases = (
				C8BC640C1F004FD2009E0110 /* Sources */,
				C8BC640D1F004FD2009E0110 /* Frameworks */,
				C8BC640E1F004FD2009E0110 /* Resources */,
			);
			buildRules = (
			);
			dependencies = (
			);
			name = ORLYStore;
			productName = ORLYStore;
			productReference = C8BC64101F004FD2009E0110 /* ORLYStore.app */;
			productType = "com.apple.product-type.application";
		};
/* End PBXNativeTarget section */

/* Begin PBXProject section */
		C8BC64081F004FD2009E0110 /* Project object */ = {
			isa = PBXProject;
			attributes = {
				LastSwiftUpdateCheck = 0830;
				LastUpgradeCheck = 0830;
				ORGANIZATIONNAME = XueYu;
				TargetAttributes = {
					C8BC640F1F004FD2009E0110 = {
						CreatedOnToolsVersion = 8.3.3;
						ProvisioningStyle = Automatic;
					};
				};
			};
			buildConfigurationList = C8BC640B1F004FD2009E0110 /* Build configuration list for PBXProject "ORLYStore" */;
			compatibilityVersion = "Xcode 3.2";
			developmentRegion = English;
			hasScannedForEncodings = 0;
			knownRegions = (
				en,
				Base,
			);
			mainGroup = C8BC64071F004FD2009E0110;
			productRefGroup = C8BC64111F004FD2009E0110 /* Products */;
			projectDirPath = "";
			projectRoot = "";
			targets = (
				C8BC640F1F004FD2009E0110 /* ORLYStore */,
			);
		};
/* End PBXProject section */

/* Begin PBXResourcesBuildPhase section */
		C8BC640E1F004FD2009E0110 /* Resources */ = {
			isa = PBXResourcesBuildPhase;
			buildActionMask = 2147483647;
			files = (
				C8BC64181F004FD2009E0110 /* Assets.xcassets in Resources */,
				C8BC64271F005A08009E0110 /* Books.plist in Resources */,
				C8BC641B1F004FD2009E0110 /* Main.storyboard in Resources */,
			);
			runOnlyForDeploymentPostprocessing = 0;
		};
/* End PBXResourcesBuildPhase section */

/* Begin PBXSourcesBuildPhase section */
		C8BC640C1F004FD2009E0110 /* Sources */ = {
			isa = PBXSourcesBuildPhase;
			buildActionMask = 2147483647;
			files = (
				C8BC64161F004FD2009E0110 /* ViewController.swift in Sources */,
				C8BC64141F004FD2009E0110 /* AppDelegate.swift in Sources */,
				C8BC64231F0055B7009E0110 /* Book.swift in Sources */,
				C8BC64251F0056EE009E0110 /* BookCellView.swift in Sources */,
			);
			runOnlyForDeploymentPostprocessing = 0;
		};
/* End PBXSourcesBuildPhase section */

/* Begin PBXVariantGroup section */
		C8BC64191F004FD2009E0110 /* Main.storyboard */ = {
			isa = PBXVariantGroup;
			children = (
				C8BC641A1F004FD2009E0110 /* Base */,
			);
			name = Main.storyboard;
			sourceTree = "<group>";
		};
/* End PBXVariantGroup section */

/* Begin XCBuildConfiguration section */
		C8BC641D1F004FD2009E0110 /* Debug */ = {
			isa = XCBuildConfiguration;
			buildSettings = {
				ALWAYS_SEARCH_USER_PATHS = NO;
				CLANG_ANALYZER_NONNULL = YES;
				CLANG_ANALYZER_NUMBER_OBJECT_CONVERSION = YES_AGGRESSIVE;
				CLANG_CXX_LANGUAGE_STANDARD = "gnu++0x";
				CLANG_CXX_LIBRARY = "libc++";
				CLANG_ENABLE_MODULES = YES;
				CLANG_ENABLE_OBJC_ARC = YES;
				CLANG_WARN_BOOL_CONVERSION = YES;
				CLANG_WARN_CONSTANT_CONVERSION = YES;
				CLANG_WARN_DIRECT_OBJC_ISA_USAGE = YES_ERROR;
				CLANG_WARN_DOCUMENTATION_COMMENTS = YES;
				CLANG_WARN_EMPTY_BODY = YES;
				CLANG_WARN_ENUM_CONVERSION = YES;
				CLANG_WARN_INFINITE_RECURSION = YES;
				CLANG_WARN_INT_CONVERSION = YES;
				CLANG_WARN_OBJC_ROOT_CLASS = YES_ERROR;
				CLANG_WARN_SUSPICIOUS_MOVE = YES;
				CLANG_WARN_UNREACHABLE_CODE = YES;
				CLANG_WARN__DUPLICATE_METHOD_MATCH = YES;
				CODE_SIGN_IDENTITY = "-";
				COPY_PHASE_STRIP = NO;
				DEBUG_INFORMATION_FORMAT = dwarf;
				ENABLE_STRICT_OBJC_MSGSEND = YES;
				ENABLE_TESTABILITY = YES;
				GCC_C_LANGUAGE_STANDARD = gnu99;
				GCC_DYNAMIC_NO_PIC = NO;
				GCC_NO_COMMON_BLOCKS = YES;
				GCC_OPTIMIZATION_LEVEL = 0;
				GCC_PREPROCESSOR_DEFINITIONS = (
					"DEBUG=1",
					"$(inherited)",
				);
				GCC_WARN_64_TO_32_BIT_CONVERSION = YES;
				GCC_WARN_ABOUT_RETURN_TYPE = YES_ERROR;
				GCC_WARN_UNDECLARED_SELECTOR = YES;
				GCC_WARN_UNINITIALIZED_AUTOS = YES_AGGRESSIVE;
				GCC_WARN_UNUSED_FUNCTION = YES;
				GCC_WARN_UNUSED_VARIABLE = YES;
				MACOSX_DEPLOYMENT_TARGET = 10.12;
				MTL_ENABLE_DEBUG_INFO = YES;
				ONLY_ACTIVE_ARCH = YES;
				SDKROOT = macosx;
				SWIFT_ACTIVE_COMPILATION_CONDITIONS = DEBUG;
				SWIFT_OPTIMIZATION_LEVEL = "-Onone";
			};
			name = Debug;
		};
		C8BC641E1F004FD2009E0110 /* Release */ = {
			isa = XCBuildConfiguration;
			buildSettings = {
				ALWAYS_SEARCH_USER_PATHS = NO;
				CLANG_ANALYZER_NONNULL = YES;
				CLANG_ANALYZER_NUMBER_OBJECT_CONVERSION = YES_AGGRESSIVE;
				CLANG_CXX_LANGUAGE_STANDARD = "gnu++0x";
				CLANG_CXX_LIBRARY = "libc++";
				CLANG_ENABLE_MODULES = YES;
				CLANG_ENABLE_OBJC_ARC = YES;
				CLANG_WARN_BOOL_CONVERSION = YES;
				CLANG_WARN_CONSTANT_CONVERSION = YES;
				CLANG_WARN_DIRECT_OBJC_ISA_USAGE = YES_ERROR;
				CLANG_WARN_DOCUMENTATION_COMMENTS = YES;
				CLANG_WARN_EMPTY_BODY = YES;
				CLANG_WARN_ENUM_CONVERSION = YES;
				CLANG_WARN_INFINITE_RECURSION = YES;
				CLANG_WARN_INT_CONVERSION = YES;
				CLANG_WARN_OBJC_ROOT_CLASS = YES_ERROR;
				CLANG_WARN_SUSPICIOUS_MOVE = YES;
				CLANG_WARN_UNREACHABLE_CODE = YES;
				CLANG_WARN__DUPLICATE_METHOD_MATCH = YES;
				CODE_SIGN_IDENTITY = "-";
				COPY_PHASE_STRIP = NO;
				DEBUG_INFORMATION_FORMAT = "dwarf-with-dsym";
				ENABLE_NS_ASSERTIONS = NO;
				ENABLE_STRICT_OBJC_MSGSEND = YES;
				GCC_C_LANGUAGE_STANDARD = gnu99;
				GCC_NO_COMMON_BLOCKS = YES;
				GCC_WARN_64_TO_32_BIT_CONVERSION = YES;
				GCC_WARN_ABOUT_RETURN_TYPE = YES_ERROR;
				GCC_WARN_UNDECLARED_SELECTOR = YES;
				GCC_WARN_UNINITIALIZED_AUTOS = YES_AGGRESSIVE;
				GCC_WARN_UNUSED_FUNCTION = YES;
				GCC_WARN_UNUSED_VARIABLE = YES;
				MACOSX_DEPLOYMENT_TARGET = 10.12;
				MTL_ENABLE_DEBUG_INFO = NO;
				SDKROOT = macosx;
				SWIFT_OPTIMIZATION_LEVEL = "-Owholemodule";
			};
			name = Release;
		};
		C8BC64201F004FD2009E0110 /* Debug */ = {
			isa = XCBuildConfiguration;
			buildSettings = {
				ASSETCATALOG_COMPILER_APPICON_NAME = AppIcon;
				COMBINE_HIDPI_IMAGES = YES;
				INFOPLIST_FILE = ORLYStore/Info.plist;
				LD_RUNPATH_SEARCH_PATHS = "$(inherited) @executable_path/../Frameworks";
				PRODUCT_BUNDLE_IDENTIFIER = com.xueyu.ORLYStore;
				PRODUCT_NAME = "$(TARGET_NAME)";
				SWIFT_VERSION = 3.0;
			};
			name = Debug;
		};
		C8BC64211F004FD2009E0110 /* Release */ = {
			isa = XCBuildConfiguration;
			buildSettings = {
				ASSETCATALOG_COMPILER_APPICON_NAME = AppIcon;
				COMBINE_HIDPI_IMAGES = YES;
				INFOPLIST_FILE = ORLYStore/Info.plist;
				LD_RUNPATH_SEARCH_PATHS = "$(inherited) @executable_path/../Frameworks";
				PRODUCT_BUNDLE_IDENTIFIER = com.xueyu.ORLYStore;
				PRODUCT_NAME = "$(TARGET_NAME)";
				SWIFT_VERSION = 3.0;
			};
			name = Release;
		};
/* End XCBuildConfiguration section */

/* Begin XCConfigurationList section */
		C8BC640B1F004FD2009E0110 /* Build configuration list for PBXProject "ORLYStore" */ = {
			isa = XCConfigurationList;
			buildConfigurations = (
				C8BC641D1F004FD2009E0110 /* Debug */,
				C8BC641E1F004FD2009E0110 /* Release */,
			);
			defaultConfigurationIsVisible = 0;
			defaultConfigurationName = Release;
		};
		C8BC641F1F004FD2009E0110 /* Build configuration list for PBXNativeTarget "ORLYStore" */ = {
			isa = XCConfigurationList;
			buildConfigurations = (
				C8BC64201F004FD2009E0110 /* Debug */,
				C8BC64211F004FD2009E0110 /* Release */,
			);
			defaultConfigurationIsVisible = 0;
		};
/* End XCConfigurationList section */
	};
	rootObject = C8BC64081F004FD2009E0110 /* Project object */;
}
