// !$*UTF8*$!
{
	archiveVersion = 1;
	classes = {
	};
	objectVersion = 46;
	objects = {

/* Begin PBXBuildFile section */
		C8600BA81F167D6500679BC8 /* AppDelegate.swift in Sources */ = {isa = PBXBuildFile; fileRef = C8600BA71F167D6500679BC8 /* AppDelegate.swift */; };
		C8600BAA1F167D6500679BC8 /* ViewController.swift in Sources */ = {isa = PBXBuildFile; fileRef = C8600BA91F167D6500679BC8 /* ViewController.swift */; };
		C8600BAC1F167D6500679BC8 /* Assets.xcassets in Resources */ = {isa = PBXBuildFile; fileRef = C8600BAB1F167D6500679BC8 /* Assets.xcassets */; };
		C8600BAF1F167D6500679BC8 /* Main.storyboard in Resources */ = {isa = PBXBuildFile; fileRef = C8600BAD1F167D6500679BC8 /* Main.storyboard */; };
		C8600BB71F167D7C00679BC8 /* ImageFile.swift in Sources */ = {isa = PBXBuildFile; fileRef = C8600BB61F167D7C00679BC8 /* ImageFile.swift */; };
		C87316D01F1BD3E200117BCA /* ImageDirectoryLoader.swift in Sources */ = {isa = PBXBuildFile; fileRef = C87316CF1F1BD3E200117BCA /* ImageDirectoryLoader.swift */; };
		C87316D21F1BD9BC00117BCA /* WindowController.swift in Sources */ = {isa = PBXBuildFile; fileRef = C87316D11F1BD9BC00117BCA /* WindowController.swift */; };
		C87316D61F1BDE9C00117BCA /* CollectionViewItem.swift in Sources */ = {isa = PBXBuildFile; fileRef = C87316D41F1BDE9C00117BCA /* CollectionViewItem.swift */; };
		C87316D71F1BDE9C00117BCA /* CollectionViewItem.xib in Resources */ = {isa = PBXBuildFile; fileRef = C87316D51F1BDE9C00117BCA /* CollectionViewItem.xib */; };
/* End PBXBuildFile section */

/* Begin PBXFileReference section */
		C8600BA41F167D6500679BC8 /* SlideMagic.app */ = {isa = PBXFileReference; explicitFileType = wrapper.application; includeInIndex = 0; path = SlideMagic.app; sourceTree = BUILT_PRODUCTS_DIR; };
		C8600BA71F167D6500679BC8 /* AppDelegate.swift */ = {isa = PBXFileReference; lastKnownFileType = sourcecode.swift; path = AppDelegate.swift; sourceTree = "<group>"; };
		C8600BA91F167D6500679BC8 /* ViewController.swift */ = {isa = PBXFileReference; lastKnownFileType = sourcecode.swift; path = ViewController.swift; sourceTree = "<group>"; };
		C8600BAB1F167D6500679BC8 /* Assets.xcassets */ = {isa = PBXFileReference; lastKnownFileType = folder.assetcatalog; path = Assets.xcassets; sourceTree = "<group>"; };
		C8600BAE1F167D6500679BC8 /* Base */ = {isa = PBXFileReference; lastKnownFileType = file.storyboard; name = Base; path = Base.lproj/Main.storyboard; sourceTree = "<group>"; };
		C8600BB01F167D6500679BC8 /* Info.plist */ = {isa = PBXFileReference; lastKnownFileType = text.plist.xml; path = Info.plist; sourceTree = "<group>"; };
		C8600BB61F167D7C00679BC8 /* ImageFile.swift */ = {isa = PBXFileReference; fileEncoding = 4; lastKnownFileType = sourcecode.swift; path = ImageFile.swift; sourceTree = "<group>"; };
		C87316CF1F1BD3E200117BCA /* ImageDirectoryLoader.swift */ = {isa = PBXFileReference; fileEncoding = 4; lastKnownFileType = sourcecode.swift; path = ImageDirectoryLoader.swift; sourceTree = "<group>"; };
		C87316D11F1BD9BC00117BCA /* WindowController.swift */ = {isa = PBXFileReference; fileEncoding = 4; lastKnownFileType = sourcecode.swift; path = WindowController.swift; sourceTree = "<group>"; };
		C87316D41F1BDE9C00117BCA /* CollectionViewItem.swift */ = {isa = PBXFileReference; fileEncoding = 4; lastKnownFileType = sourcecode.swift; path = CollectionViewItem.swift; sourceTree = "<group>"; };
		C87316D51F1BDE9C00117BCA /* CollectionViewItem.xib */ = {isa = PBXFileReference; fileEncoding = 4; lastKnownFileType = file.xib; path = CollectionViewItem.xib; sourceTree = "<group>"; };
/* End PBXFileReference section */

/* Begin PBXFrameworksBuildPhase section */
		C8600BA11F167D6500679BC8 /* Frameworks */ = {
			isa = PBXFrameworksBuildPhase;
			buildActionMask = 2147483647;
			files = (
			);
			runOnlyForDeploymentPostprocessing = 0;
		};
/* End PBXFrameworksBuildPhase section */

/* Begin PBXGroup section */
		C8600B9B1F167D6500679BC8 = {
			isa = PBXGroup;
			children = (
				C8600BA61F167D6500679BC8 /* SlideMagic */,
				C8600BA51F167D6500679BC8 /* Products */,
			);
			sourceTree = "<group>";
		};
		C8600BA51F167D6500679BC8 /* Products */ = {
			isa = PBXGroup;
			children = (
				C8600BA41F167D6500679BC8 /* SlideMagic.app */,
			);
			name = Products;
			sourceTree = "<group>";
		};
		C8600BA61F167D6500679BC8 /* SlideMagic */ = {
			isa = PBXGroup;
			children = (
				C87316D31F1BD9C300117BCA /* Controllers */,
				C87316D81F1BDEB100117BCA /* view */,
				C8600BB81F167D8000679BC8 /* Model */,
				C8600BAB1F167D6500679BC8 /* Assets.xcassets */,
				C8600BAD1F167D6500679BC8 /* Main.storyboard */,
				C87316D51F1BDE9C00117BCA /* CollectionViewItem.xib */,
				C8600BB01F167D6500679BC8 /* Info.plist */,
			);
			path = SlideMagic;
			sourceTree = "<group>";
		};
		C8600BB81F167D8000679BC8 /* Model */ = {
			isa = PBXGroup;
			children = (
				C8600BB61F167D7C00679BC8 /* ImageFile.swift */,
				C87316CF1F1BD3E200117BCA /* ImageDirectoryLoader.swift */,
			);
			name = Model;
			sourceTree = "<group>";
		};
		C87316D31F1BD9C300117BCA /* Controllers */ = {
			isa = PBXGroup;
			children = (
				C87316D11F1BD9BC00117BCA /* WindowController.swift */,
				C8600BA71F167D6500679BC8 /* AppDelegate.swift */,
				C8600BA91F167D6500679BC8 /* ViewController.swift */,
			);
			name = Controllers;
			sourceTree = "<group>";
		};
		C87316D81F1BDEB100117BCA /* view */ = {
			isa = PBXGroup;
			children = (
				C87316D41F1BDE9C00117BCA /* CollectionViewItem.swift */,
			);
			name = view;
			sourceTree = "<group>";
		};
/* End PBXGroup section */

/* Begin PBXNativeTarget section */
		C8600BA31F167D6500679BC8 /* SlideMagic */ = {
			isa = PBXNativeTarget;
			buildConfigurationList = C8600BB31F167D6500679BC8 /* Build configuration list for PBXNativeTarget "SlideMagic" */;
			buildPhases = (
				C8600BA01F167D6500679BC8 /* Sources */,
				C8600BA11F167D6500679BC8 /* Frameworks */,
				C8600BA21F167D6500679BC8 /* Resources */,
			);
			buildRules = (
			);
			dependencies = (
			);
			name = SlideMagic;
			productName = SlideMagic;
			productReference = C8600BA41F167D6500679BC8 /* SlideMagic.app */;
			productType = "com.apple.product-type.application";
		};
/* End PBXNativeTarget section */

/* Begin PBXProject section */
		C8600B9C1F167D6500679BC8 /* Project object */ = {
			isa = PBXProject;
			attributes = {
				LastSwiftUpdateCheck = 0830;
				LastUpgradeCheck = 0830;
				ORGANIZATIONNAME = XueYu;
				TargetAttributes = {
					C8600BA31F167D6500679BC8 = {
						CreatedOnToolsVersion = 8.3.3;
						DevelopmentTeam = L2UHX34QKF;
						ProvisioningStyle = Automatic;
					};
				};
			};
			buildConfigurationList = C8600B9F1F167D6500679BC8 /* Build configuration list for PBXProject "SlideMagic" */;
			compatibilityVersion = "Xcode 3.2";
			developmentRegion = English;
			hasScannedForEncodings = 0;
			knownRegions = (
				en,
				Base,
			);
			mainGroup = C8600B9B1F167D6500679BC8;
			productRefGroup = C8600BA51F167D6500679BC8 /* Products */;
			projectDirPath = "";
			projectRoot = "";
			targets = (
				C8600BA31F167D6500679BC8 /* SlideMagic */,
			);
		};
/* End PBXProject section */

/* Begin PBXResourcesBuildPhase section */
		C8600BA21F167D6500679BC8 /* Resources */ = {
			isa = PBXResourcesBuildPhase;
			buildActionMask = 2147483647;
			files = (
				C8600BAC1F167D6500679BC8 /* Assets.xcassets in Resources */,
				C8600BAF1F167D6500679BC8 /* Main.storyboard in Resources */,
				C87316D71F1BDE9C00117BCA /* CollectionViewItem.xib in Resources */,
			);
			runOnlyForDeploymentPostprocessing = 0;
		};
/* End PBXResourcesBuildPhase section */

/* Begin PBXSourcesBuildPhase section */
		C8600BA01F167D6500679BC8 /* Sources */ = {
			isa = PBXSourcesBuildPhase;
			buildActionMask = 2147483647;
			files = (
				C87316D01F1BD3E200117BCA /* ImageDirectoryLoader.swift in Sources */,
				C87316D21F1BD9BC00117BCA /* WindowController.swift in Sources */,
				C8600BB71F167D7C00679BC8 /* ImageFile.swift in Sources */,
				C8600BAA1F167D6500679BC8 /* ViewController.swift in Sources */,
				C8600BA81F167D6500679BC8 /* AppDelegate.swift in Sources */,
				C87316D61F1BDE9C00117BCA /* CollectionViewItem.swift in Sources */,
			);
			runOnlyForDeploymentPostprocessing = 0;
		};
/* End PBXSourcesBuildPhase section */

/* Begin PBXVariantGroup section */
		C8600BAD1F167D6500679BC8 /* Main.storyboard */ = {
			isa = PBXVariantGroup;
			children = (
				C8600BAE1F167D6500679BC8 /* Base */,
			);
			name = Main.storyboard;
			sourceTree = "<group>";
		};
/* End PBXVariantGroup section */

/* Begin XCBuildConfiguration section */
		C8600BB11F167D6500679BC8 /* Debug */ = {
			isa = XCBuildConfiguration;
			buildSettings = {
				ALWAYS_SEARCH_USER_PATHS = NO;
				CLANG_ANALYZER_NONNULL = YES;
				CLANG_ANALYZER_NUMBER_OBJECT_CONVERSION = YES_AGGRESSIVE;
				CLANG_CXX_LANGUAGE_STANDARD = "gnu++0x";
				CLANG_CXX_LIBRARY = "libc++";
				CLANG_ENABLE_MODULES = YES;
				CLANG_ENABLE_OBJC_ARC = YES;
				CLANG_WARN_BOOL_CONVERSION = YES;
				CLANG_WARN_CONSTANT_CONVERSION = YES;
				CLANG_WARN_DIRECT_OBJC_ISA_USAGE = YES_ERROR;
				CLANG_WARN_DOCUMENTATION_COMMENTS = YES;
				CLANG_WARN_EMPTY_BODY = YES;
				CLANG_WARN_ENUM_CONVERSION = YES;
				CLANG_WARN_INFINITE_RECURSION = YES;
				CLANG_WARN_INT_CONVERSION = YES;
				CLANG_WARN_OBJC_ROOT_CLASS = YES_ERROR;
				CLANG_WARN_SUSPICIOUS_MOVE = YES;
				CLANG_WARN_UNREACHABLE_CODE = YES;
				CLANG_WARN__DUPLICATE_METHOD_MATCH = YES;
				CODE_SIGN_IDENTITY = "-";
				COPY_PHASE_STRIP = NO;
				DEBUG_INFORMATION_FORMAT = dwarf;
				ENABLE_STRICT_OBJC_MSGSEND = YES;
				ENABLE_TESTABILITY = YES;
				GCC_C_LANGUAGE_STANDARD = gnu99;
				GCC_DYNAMIC_NO_PIC = NO;
				GCC_NO_COMMON_BLOCKS = YES;
				GCC_OPTIMIZATION_LEVEL = 0;
				GCC_PREPROCESSOR_DEFINITIONS = (
					"DEBUG=1",
					"$(inherited)",
				);
				GCC_WARN_64_TO_32_BIT_CONVERSION = YES;
				GCC_WARN_ABOUT_RETURN_TYPE = YES_ERROR;
				GCC_WARN_UNDECLARED_SELECTOR = YES;
				GCC_WARN_UNINITIALIZED_AUTOS = YES_AGGRESSIVE;
				GCC_WARN_UNUSED_FUNCTION = YES;
				GCC_WARN_UNUSED_VARIABLE = YES;
				MACOSX_DEPLOYMENT_TARGET = 10.12;
				MTL_ENABLE_DEBUG_INFO = YES;
				ONLY_ACTIVE_ARCH = YES;
				SDKROOT = macosx;
				SWIFT_ACTIVE_COMPILATION_CONDITIONS = DEBUG;
				SWIFT_OPTIMIZATION_LEVEL = "-Onone";
			};
			name = Debug;
		};
		C8600BB21F167D6500679BC8 /* Release */ = {
			isa = XCBuildConfiguration;
			buildSettings = {
				ALWAYS_SEARCH_USER_PATHS = NO;
				CLANG_ANALYZER_NONNULL = YES;
				CLANG_ANALYZER_NUMBER_OBJECT_CONVERSION = YES_AGGRESSIVE;
				CLANG_CXX_LANGUAGE_STANDARD = "gnu++0x";
				CLANG_CXX_LIBRARY = "libc++";
				CLANG_ENABLE_MODULES = YES;
				CLANG_ENABLE_OBJC_ARC = YES;
				CLANG_WARN_BOOL_CONVERSION = YES;
				CLANG_WARN_CONSTANT_CONVERSION = YES;
				CLANG_WARN_DIRECT_OBJC_ISA_USAGE = YES_ERROR;
				CLANG_WARN_DOCUMENTATION_COMMENTS = YES;
				CLANG_WARN_EMPTY_BODY = YES;
				CLANG_WARN_ENUM_CONVERSION = YES;
				CLANG_WARN_INFINITE_RECURSION = YES;
				CLANG_WARN_INT_CONVERSION = YES;
				CLANG_WARN_OBJC_ROOT_CLASS = YES_ERROR;
				CLANG_WARN_SUSPICIOUS_MOVE = YES;
				CLANG_WARN_UNREACHABLE_CODE = YES;
				CLANG_WARN__DUPLICATE_METHOD_MATCH = YES;
				CODE_SIGN_IDENTITY = "-";
				COPY_PHASE_STRIP = NO;
				DEBUG_INFORMATION_FORMAT = "dwarf-with-dsym";
				ENABLE_NS_ASSERTIONS = NO;
				ENABLE_STRICT_OBJC_MSGSEND = YES;
				GCC_C_LANGUAGE_STANDARD = gnu99;
				GCC_NO_COMMON_BLOCKS = YES;
				GCC_WARN_64_TO_32_BIT_CONVERSION = YES;
				GCC_WARN_ABOUT_RETURN_TYPE = YES_ERROR;
				GCC_WARN_UNDECLARED_SELECTOR = YES;
				GCC_WARN_UNINITIALIZED_AUTOS = YES_AGGRESSIVE;
				GCC_WARN_UNUSED_FUNCTION = YES;
				GCC_WARN_UNUSED_VARIABLE = YES;
				MACOSX_DEPLOYMENT_TARGET = 10.12;
				MTL_ENABLE_DEBUG_INFO = NO;
				SDKROOT = macosx;
				SWIFT_OPTIMIZATION_LEVEL = "-Owholemodule";
			};
			name = Release;
		};
		C8600BB41F167D6500679BC8 /* Debug */ = {
			isa = XCBuildConfiguration;
			buildSettings = {
				ASSETCATALOG_COMPILER_APPICON_NAME = AppIcon;
				COMBINE_HIDPI_IMAGES = YES;
				DEVELOPMENT_TEAM = L2UHX34QKF;
				INFOPLIST_FILE = SlideMagic/Info.plist;
				LD_RUNPATH_SEARCH_PATHS = "$(inherited) @executable_path/../Frameworks";
				PRODUCT_BUNDLE_IDENTIFIER = com.xueyu.SlideMagic;
				PRODUCT_NAME = "$(TARGET_NAME)";
				SWIFT_VERSION = 3.0;
			};
			name = Debug;
		};
		C8600BB51F167D6500679BC8 /* Release */ = {
			isa = XCBuildConfiguration;
			buildSettings = {
				ASSETCATALOG_COMPILER_APPICON_NAME = AppIcon;
				COMBINE_HIDPI_IMAGES = YES;
				DEVELOPMENT_TEAM = L2UHX34QKF;
				INFOPLIST_FILE = SlideMagic/Info.plist;
				LD_RUNPATH_SEARCH_PATHS = "$(inherited) @executable_path/../Frameworks";
				PRODUCT_BUNDLE_IDENTIFIER = com.xueyu.SlideMagic;
				PRODUCT_NAME = "$(TARGET_NAME)";
				SWIFT_VERSION = 3.0;
			};
			name = Release;
		};
/* End XCBuildConfiguration section */

/* Begin XCConfigurationList section */
		C8600B9F1F167D6500679BC8 /* Build configuration list for PBXProject "SlideMagic" */ = {
			isa = XCConfigurationList;
			buildConfigurations = (
				C8600BB11F167D6500679BC8 /* Debug */,
				C8600BB21F167D6500679BC8 /* Release */,
			);
			defaultConfigurationIsVisible = 0;
			defaultConfigurationName = Release;
		};
		C8600BB31F167D6500679BC8 /* Build configuration list for PBXNativeTarget "SlideMagic" */ = {
			isa = XCConfigurationList;
			buildConfigurations = (
				C8600BB41F167D6500679BC8 /* Debug */,
				C8600BB51F167D6500679BC8 /* Release */,
			);
			defaultConfigurationIsVisible = 0;
			defaultConfigurationName = Release;
		};
/* End XCConfigurationList section */
	};
	rootObject = C8600B9C1F167D6500679BC8 /* Project object */;
}
