// !$*UTF8*$!
{
	archiveVersion = 1;
	classes = {
	};
	objectVersion = 46;
	objects = {

/* Begin PBXBuildFile section */
		C8EE5EAB1F0DDA4D004E008C /* AppDelegate.swift in Sources */ = {isa = PBXBuildFile; fileRef = C8EE5EAA1F0DDA4D004E008C /* AppDelegate.swift */; };
		C8EE5EAD1F0DDA4D004E008C /* ViewController.swift in Sources */ = {isa = PBXBuildFile; fileRef = C8EE5EAC1F0DDA4D004E008C /* ViewController.swift */; };
		C8EE5EAF1F0DDA4D004E008C /* Assets.xcassets in Resources */ = {isa = PBXBuildFile; fileRef = C8EE5EAE1F0DDA4D004E008C /* Assets.xcassets */; };
		C8EE5EB21F0DDA4D004E008C /* Main.storyboard in Resources */ = {isa = PBXBuildFile; fileRef = C8EE5EB01F0DDA4D004E008C /* Main.storyboard */; };
		C8EE5EBA1F0DF4FA004E008C /* music in Resources */ = {isa = PBXBuildFile; fileRef = C8EE5EB91F0DF4FA004E008C /* music */; };
/* End PBXBuildFile section */

/* Begin PBXFileReference section */
		C8EE5EA71F0DDA4D004E008C /* SimplePiano.app */ = {isa = PBXFileReference; explicitFileType = wrapper.application; includeInIndex = 0; path = SimplePiano.app; sourceTree = BUILT_PRODUCTS_DIR; };
		C8EE5EAA1F0DDA4D004E008C /* AppDelegate.swift */ = {isa = PBXFileReference; lastKnownFileType = sourcecode.swift; path = AppDelegate.swift; sourceTree = "<group>"; };
		C8EE5EAC1F0DDA4D004E008C /* ViewController.swift */ = {isa = PBXFileReference; lastKnownFileType = sourcecode.swift; path = ViewController.swift; sourceTree = "<group>"; };
		C8EE5EAE1F0DDA4D004E008C /* Assets.xcassets */ = {isa = PBXFileReference; lastKnownFileType = folder.assetcatalog; path = Assets.xcassets; sourceTree = "<group>"; };
		C8EE5EB11F0DDA4D004E008C /* Base */ = {isa = PBXFileReference; lastKnownFileType = file.storyboard; name = Base; path = Base.lproj/Main.storyboard; sourceTree = "<group>"; };
		C8EE5EB31F0DDA4D004E008C /* Info.plist */ = {isa = PBXFileReference; lastKnownFileType = text.plist.xml; path = Info.plist; sourceTree = "<group>"; };
		C8EE5EB91F0DF4FA004E008C /* music */ = {isa = PBXFileReference; lastKnownFileType = folder; path = music; sourceTree = "<group>"; };
/* End PBXFileReference section */

/* Begin PBXFrameworksBuildPhase section */
		C8EE5EA41F0DDA4D004E008C /* Frameworks */ = {
			isa = PBXFrameworksBuildPhase;
			buildActionMask = 2147483647;
			files = (
			);
			runOnlyForDeploymentPostprocessing = 0;
		};
/* End PBXFrameworksBuildPhase section */

/* Begin PBXGroup section */
		C8EE5E9E1F0DDA4D004E008C = {
			isa = PBXGroup;
			children = (
				C8EE5EA91F0DDA4D004E008C /* SimplePiano */,
				C8EE5EA81F0DDA4D004E008C /* Products */,
			);
			sourceTree = "<group>";
		};
		C8EE5EA81F0DDA4D004E008C /* Products */ = {
			isa = PBXGroup;
			children = (
				C8EE5EA71F0DDA4D004E008C /* SimplePiano.app */,
			);
			name = Products;
			sourceTree = "<group>";
		};
		C8EE5EA91F0DDA4D004E008C /* SimplePiano */ = {
			isa = PBXGroup;
			children = (
				C8EE5EAA1F0DDA4D004E008C /* AppDelegate.swift */,
				C8EE5EAC1F0DDA4D004E008C /* ViewController.swift */,
				C8EE5EAE1F0DDA4D004E008C /* Assets.xcassets */,
				C8EE5EB01F0DDA4D004E008C /* Main.storyboard */,
				C8EE5EB31F0DDA4D004E008C /* Info.plist */,
				C8EE5EB91F0DF4FA004E008C /* music */,
			);
			path = SimplePiano;
			sourceTree = "<group>";
		};
/* End PBXGroup section */

/* Begin PBXNativeTarget section */
		C8EE5EA61F0DDA4D004E008C /* SimplePiano */ = {
			isa = PBXNativeTarget;
			buildConfigurationList = C8EE5EB61F0DDA4D004E008C /* Build configuration list for PBXNativeTarget "SimplePiano" */;
			buildPhases = (
				C8EE5EA31F0DDA4D004E008C /* Sources */,
				C8EE5EA41F0DDA4D004E008C /* Frameworks */,
				C8EE5EA51F0DDA4D004E008C /* Resources */,
			);
			buildRules = (
			);
			dependencies = (
			);
			name = SimplePiano;
			productName = SimplePiano;
			productReference = C8EE5EA71F0DDA4D004E008C /* SimplePiano.app */;
			productType = "com.apple.product-type.application";
		};
/* End PBXNativeTarget section */

/* Begin PBXProject section */
		C8EE5E9F1F0DDA4D004E008C /* Project object */ = {
			isa = PBXProject;
			attributes = {
				LastSwiftUpdateCheck = 0830;
				LastUpgradeCheck = 0830;
				ORGANIZATIONNAME = XueYu;
				TargetAttributes = {
					C8EE5EA61F0DDA4D004E008C = {
						CreatedOnToolsVersion = 8.3.3;
						ProvisioningStyle = Automatic;
					};
				};
			};
			buildConfigurationList = C8EE5EA21F0DDA4D004E008C /* Build configuration list for PBXProject "SimplePiano" */;
			compatibilityVersion = "Xcode 3.2";
			developmentRegion = English;
			hasScannedForEncodings = 0;
			knownRegions = (
				en,
				Base,
			);
			mainGroup = C8EE5E9E1F0DDA4D004E008C;
			productRefGroup = C8EE5EA81F0DDA4D004E008C /* Products */;
			projectDirPath = "";
			projectRoot = "";
			targets = (
				C8EE5EA61F0DDA4D004E008C /* SimplePiano */,
			);
		};
/* End PBXProject section */

/* Begin PBXResourcesBuildPhase section */
		C8EE5EA51F0DDA4D004E008C /* Resources */ = {
			isa = PBXResourcesBuildPhase;
			buildActionMask = 2147483647;
			files = (
				C8EE5EBA1F0DF4FA004E008C /* music in Resources */,
				C8EE5EAF1F0DDA4D004E008C /* Assets.xcassets in Resources */,
				C8EE5EB21F0DDA4D004E008C /* Main.storyboard in Resources */,
			);
			runOnlyForDeploymentPostprocessing = 0;
		};
/* End PBXResourcesBuildPhase section */

/* Begin PBXSourcesBuildPhase section */
		C8EE5EA31F0DDA4D004E008C /* Sources */ = {
			isa = PBXSourcesBuildPhase;
			buildActionMask = 2147483647;
			files = (
				C8EE5EAD1F0DDA4D004E008C /* ViewController.swift in Sources */,
				C8EE5EAB1F0DDA4D004E008C /* AppDelegate.swift in Sources */,
			);
			runOnlyForDeploymentPostprocessing = 0;
		};
/* End PBXSourcesBuildPhase section */

/* Begin PBXVariantGroup section */
		C8EE5EB01F0DDA4D004E008C /* Main.storyboard */ = {
			isa = PBXVariantGroup;
			children = (
				C8EE5EB11F0DDA4D004E008C /* Base */,
			);
			name = Main.storyboard;
			sourceTree = "<group>";
		};
/* End PBXVariantGroup section */

/* Begin XCBuildConfiguration section */
		C8EE5EB41F0DDA4D004E008C /* Debug */ = {
			isa = XCBuildConfiguration;
			buildSettings = {
				ALWAYS_SEARCH_USER_PATHS = NO;
				CLANG_ANALYZER_NONNULL = YES;
				CLANG_ANALYZER_NUMBER_OBJECT_CONVERSION = YES_AGGRESSIVE;
				CLANG_CXX_LANGUAGE_STANDARD = "gnu++0x";
				CLANG_CXX_LIBRARY = "libc++";
				CLANG_ENABLE_MODULES = YES;
				CLANG_ENABLE_OBJC_ARC = YES;
				CLANG_WARN_BOOL_CONVERSION = YES;
				CLANG_WARN_CONSTANT_CONVERSION = YES;
				CLANG_WARN_DIRECT_OBJC_ISA_USAGE = YES_ERROR;
				CLANG_WARN_DOCUMENTATION_COMMENTS = YES;
				CLANG_WARN_EMPTY_BODY = YES;
				CLANG_WARN_ENUM_CONVERSION = YES;
				CLANG_WARN_INFINITE_RECURSION = YES;
				CLANG_WARN_INT_CONVERSION = YES;
				CLANG_WARN_OBJC_ROOT_CLASS = YES_ERROR;
				CLANG_WARN_SUSPICIOUS_MOVE = YES;
				CLANG_WARN_UNREACHABLE_CODE = YES;
				CLANG_WARN__DUPLICATE_METHOD_MATCH = YES;
				CODE_SIGN_IDENTITY = "-";
				COPY_PHASE_STRIP = NO;
				DEBUG_INFORMATION_FORMAT = dwarf;
				ENABLE_STRICT_OBJC_MSGSEND = YES;
				ENABLE_TESTABILITY = YES;
				GCC_C_LANGUAGE_STANDARD = gnu99;
				GCC_DYNAMIC_NO_PIC = NO;
				GCC_NO_COMMON_BLOCKS = YES;
				GCC_OPTIMIZATION_LEVEL = 0;
				GCC_PREPROCESSOR_DEFINITIONS = (
					"DEBUG=1",
					"$(inherited)",
				);
				GCC_WARN_64_TO_32_BIT_CONVERSION = YES;
				GCC_WARN_ABOUT_RETURN_TYPE = YES_ERROR;
				GCC_WARN_UNDECLARED_SELECTOR = YES;
				GCC_WARN_UNINITIALIZED_AUTOS = YES_AGGRESSIVE;
				GCC_WARN_UNUSED_FUNCTION = YES;
				GCC_WARN_UNUSED_VARIABLE = YES;
				MACOSX_DEPLOYMENT_TARGET = 10.12;
				MTL_ENABLE_DEBUG_INFO = YES;
				ONLY_ACTIVE_ARCH = YES;
				SDKROOT = macosx;
				SWIFT_ACTIVE_COMPILATION_CONDITIONS = DEBUG;
				SWIFT_OPTIMIZATION_LEVEL = "-Onone";
			};
			name = Debug;
		};
		C8EE5EB51F0DDA4D004E008C /* Release */ = {
			isa = XCBuildConfiguration;
			buildSettings = {
				ALWAYS_SEARCH_USER_PATHS = NO;
				CLANG_ANALYZER_NONNULL = YES;
				CLANG_ANALYZER_NUMBER_OBJECT_CONVERSION = YES_AGGRESSIVE;
				CLANG_CXX_LANGUAGE_STANDARD = "gnu++0x";
				CLANG_CXX_LIBRARY = "libc++";
				CLANG_ENABLE_MODULES = YES;
				CLANG_ENABLE_OBJC_ARC = YES;
				CLANG_WARN_BOOL_CONVERSION = YES;
				CLANG_WARN_CONSTANT_CONVERSION = YES;
				CLANG_WARN_DIRECT_OBJC_ISA_USAGE = YES_ERROR;
				CLANG_WARN_DOCUMENTATION_COMMENTS = YES;
				CLANG_WARN_EMPTY_BODY = YES;
				CLANG_WARN_ENUM_CONVERSION = YES;
				CLANG_WARN_INFINITE_RECURSION = YES;
				CLANG_WARN_INT_CONVERSION = YES;
				CLANG_WARN_OBJC_ROOT_CLASS = YES_ERROR;
				CLANG_WARN_SUSPICIOUS_MOVE = YES;
				CLANG_WARN_UNREACHABLE_CODE = YES;
				CLANG_WARN__DUPLICATE_METHOD_MATCH = YES;
				CODE_SIGN_IDENTITY = "-";
				COPY_PHASE_STRIP = NO;
				DEBUG_INFORMATION_FORMAT = "dwarf-with-dsym";
				ENABLE_NS_ASSERTIONS = NO;
				ENABLE_STRICT_OBJC_MSGSEND = YES;
				GCC_C_LANGUAGE_STANDARD = gnu99;
				GCC_NO_COMMON_BLOCKS = YES;
				GCC_WARN_64_TO_32_BIT_CONVERSION = YES;
				GCC_WARN_ABOUT_RETURN_TYPE = YES_ERROR;
				GCC_WARN_UNDECLARED_SELECTOR = YES;
				GCC_WARN_UNINITIALIZED_AUTOS = YES_AGGRESSIVE;
				GCC_WARN_UNUSED_FUNCTION = YES;
				GCC_WARN_UNUSED_VARIABLE = YES;
				MACOSX_DEPLOYMENT_TARGET = 10.12;
				MTL_ENABLE_DEBUG_INFO = NO;
				SDKROOT = macosx;
				SWIFT_OPTIMIZATION_LEVEL = "-Owholemodule";
			};
			name = Release;
		};
		C8EE5EB71F0DDA4D004E008C /* Debug */ = {
			isa = XCBuildConfiguration;
			buildSettings = {
				ASSETCATALOG_COMPILER_APPICON_NAME = AppIcon;
				COMBINE_HIDPI_IMAGES = YES;
				INFOPLIST_FILE = SimplePiano/Info.plist;
				LD_RUNPATH_SEARCH_PATHS = "$(inherited) @executable_path/../Frameworks";
				PRODUCT_BUNDLE_IDENTIFIER = com.xueyu.SimplePiano;
				PRODUCT_NAME = "$(TARGET_NAME)";
				SWIFT_VERSION = 3.0;
			};
			name = Debug;
		};
		C8EE5EB81F0DDA4D004E008C /* Release */ = {
			isa = XCBuildConfiguration;
			buildSettings = {
				ASSETCATALOG_COMPILER_APPICON_NAME = AppIcon;
				COMBINE_HIDPI_IMAGES = YES;
				INFOPLIST_FILE = SimplePiano/Info.plist;
				LD_RUNPATH_SEARCH_PATHS = "$(inherited) @executable_path/../Frameworks";
				PRODUCT_BUNDLE_IDENTIFIER = com.xueyu.SimplePiano;
				PRODUCT_NAME = "$(TARGET_NAME)";
				SWIFT_VERSION = 3.0;
			};
			name = Release;
		};
/* End XCBuildConfiguration section */

/* Begin XCConfigurationList section */
		C8EE5EA21F0DDA4D004E008C /* Build configuration list for PBXProject "SimplePiano" */ = {
			isa = XCConfigurationList;
			buildConfigurations = (
				C8EE5EB41F0DDA4D004E008C /* Debug */,
				C8EE5EB51F0DDA4D004E008C /* Release */,
			);
			defaultConfigurationIsVisible = 0;
			defaultConfigurationName = Release;
		};
		C8EE5EB61F0DDA4D004E008C /* Build configuration list for PBXNativeTarget "SimplePiano" */ = {
			isa = XCConfigurationList;
			buildConfigurations = (
				C8EE5EB71F0DDA4D004E008C /* Debug */,
				C8EE5EB81F0DDA4D004E008C /* Release */,
			);
			defaultConfigurationIsVisible = 0;
			defaultConfigurationName = Release;
		};
/* End XCConfigurationList section */
	};
	rootObject = C8EE5E9F1F0DDA4D004E008C /* Project object */;
}
